// !$*UTF8*$!
{
	archiveVersion = 1;
	classes = {
	};
	objectVersion = 56;
	objects = {

/* Begin PBXBuildFile section */
		EEB3BE812B5D5F3300066736 /* AppDelegate.swift in Sources */ = {isa = PBXBuildFile; fileRef = EEB3BE802B5D5F3300066736 /* AppDelegate.swift */; };
		EEB3BE832B5D5F3300066736 /* SceneDelegate.swift in Sources */ = {isa = PBXBuildFile; fileRef = EEB3BE822B5D5F3300066736 /* SceneDelegate.swift */; };
		EEB3BE852B5D5F3300066736 /* ViewController.swift in Sources */ = {isa = PBXBuildFile; fileRef = EEB3BE842B5D5F3300066736 /* ViewController.swift */; };
		EEB3BE882B5D5F3300066736 /* Main.storyboard in Resources */ = {isa = PBXBuildFile; fileRef = EEB3BE862B5D5F3300066736 /* Main.storyboard */; };
		EEB3BE8B2B5D5F3300066736 /* OX_Game.xcdatamodeld in Sources */ = {isa = PBXBuildFile; fileRef = EEB3BE892B5D5F3300066736 /* OX_Game.xcdatamodeld */; };
		EEB3BE8D2B5D5F3500066736 /* Assets.xcassets in Resources */ = {isa = PBXBuildFile; fileRef = EEB3BE8C2B5D5F3500066736 /* Assets.xcassets */; };
		EEB3BE902B5D5F3500066736 /* LaunchScreen.storyboard in Resources */ = {isa = PBXBuildFile; fileRef = EEB3BE8E2B5D5F3500066736 /* LaunchScreen.storyboard */; };
/* End PBXBuildFile section */

/* Begin PBXFileReference section */
		EEB3BE7D2B5D5F3300066736 /* OX Game.app */ = {isa = PBXFileReference; explicitFileType = wrapper.application; includeInIndex = 0; path = "OX Game.app"; sourceTree = BUILT_PRODUCTS_DIR; };
		EEB3BE802B5D5F3300066736 /* AppDelegate.swift */ = {isa = PBXFileReference; lastKnownFileType = sourcecode.swift; path = AppDelegate.swift; sourceTree = "<group>"; };
		EEB3BE822B5D5F3300066736 /* SceneDelegate.swift */ = {isa = PBXFileReference; lastKnownFileType = sourcecode.swift; path = SceneDelegate.swift; sourceTree = "<group>"; };
		EEB3BE842B5D5F3300066736 /* ViewController.swift */ = {isa = PBXFileReference; lastKnownFileType = sourcecode.swift; path = ViewController.swift; sourceTree = "<group>"; };
		EEB3BE872B5D5F3300066736 /* Base */ = {isa = PBXFileReference; lastKnownFileType = file.storyboard; name = Base; path = Base.lproj/Main.storyboard; sourceTree = "<group>"; };
		EEB3BE8A2B5D5F3300066736 /* OX_Game.xcdatamodel */ = {isa = PBXFileReference; lastKnownFileType = wrapper.xcdatamodel; path = OX_Game.xcdatamodel; sourceTree = "<group>"; };
		EEB3BE8C2B5D5F3500066736 /* Assets.xcassets */ = {isa = PBXFileReference; lastKnownFileType = folder.assetcatalog; path = Assets.xcassets; sourceTree = "<group>"; };
		EEB3BE8F2B5D5F3500066736 /* Base */ = {isa = PBXFileReference; lastKnownFileType = file.storyboard; name = Base; path = Base.lproj/LaunchScreen.storyboard; sourceTree = "<group>"; };
		EEB3BE912B5D5F3500066736 /* Info.plist */ = {isa = PBXFileReference; lastKnownFileType = text.plist.xml; path = Info.plist; sourceTree = "<group>"; };
/* End PBXFileReference section */

/* Begin PBXFrameworksBuildPhase section */
		EEB3BE7A2B5D5F3300066736 /* Frameworks */ = {
			isa = PBXFrameworksBuildPhase;
			buildActionMask = 2147483647;
			files = (
			);
			runOnlyForDeploymentPostprocessing = 0;
		};
/* End PBXFrameworksBuildPhase section */

/* Begin PBXGroup section */
		EEB3BE742B5D5F3300066736 = {
			isa = PBXGroup;
			children = (
				EEB3BE7F2B5D5F3300066736 /* OX Game */,
				EEB3BE7E2B5D5F3300066736 /* Products */,
			);
			sourceTree = "<group>";
		};
		EEB3BE7E2B5D5F3300066736 /* Products */ = {
			isa = PBXGroup;
			children = (
				EEB3BE7D2B5D5F3300066736 /* OX Game.app */,
			);
			name = Products;
			sourceTree = "<group>";
		};
		EEB3BE7F2B5D5F3300066736 /* OX Game */ = {
			isa = PBXGroup;
			children = (
				EEB3BE802B5D5F3300066736 /* AppDelegate.swift */,
				EEB3BE822B5D5F3300066736 /* SceneDelegate.swift */,
				EEB3BE842B5D5F3300066736 /* ViewController.swift */,
				EEB3BE862B5D5F3300066736 /* Main.storyboard */,
				EEB3BE8C2B5D5F3500066736 /* Assets.xcassets */,
				EEB3BE8E2B5D5F3500066736 /* LaunchScreen.storyboard */,
				EEB3BE912B5D5F3500066736 /* Info.plist */,
				EEB3BE892B5D5F3300066736 /* OX_Game.xcdatamodeld */,
			);
			path = "OX Game";
			sourceTree = "<group>";
		};
/* End PBXGroup section */

/* Begin PBXNativeTarget section */
		EEB3BE7C2B5D5F3300066736 /* OX Game */ = {
			isa = PBXNativeTarget;
			buildConfigurationList = EEB3BE942B5D5F3500066736 /* Build configuration list for PBXNativeTarget "OX Game" */;
			buildPhases = (
				EEB3BE792B5D5F3300066736 /* Sources */,
				EEB3BE7A2B5D5F3300066736 /* Frameworks */,
				EEB3BE7B2B5D5F3300066736 /* Resources */,
			);
			buildRules = (
			);
			dependencies = (
			);
			name = "OX Game";
			productName = "OX Game";
			productReference = EEB3BE7D2B5D5F3300066736 /* OX Game.app */;
			productType = "com.apple.product-type.application";
		};
/* End PBXNativeTarget section */

/* Begin PBXProject section */
		EEB3BE752B5D5F3300066736 /* Project object */ = {
			isa = PBXProject;
			attributes = {
				BuildIndependentTargetsInParallel = 1;
				LastSwiftUpdateCheck = 1520;
				LastUpgradeCheck = 1520;
				TargetAttributes = {
					EEB3BE7C2B5D5F3300066736 = {
						CreatedOnToolsVersion = 15.2;
					};
				};
			};
			buildConfigurationList = EEB3BE782B5D5F3300066736 /* Build configuration list for PBXProject "OX Game" */;
			compatibilityVersion = "Xcode 14.0";
			developmentRegion = en;
			hasScannedForEncodings = 0;
			knownRegions = (
				en,
				Base,
			);
			mainGroup = EEB3BE742B5D5F3300066736;
			productRefGroup = EEB3BE7E2B5D5F3300066736 /* Products */;
			projectDirPath = "";
			projectRoot = "";
			targets = (
				EEB3BE7C2B5D5F3300066736 /* OX Game */,
			);
		};
/* End PBXProject section */

/* Begin PBXResourcesBuildPhase section */
		EEB3BE7B2B5D5F3300066736 /* Resources */ = {
			isa = PBXResourcesBuildPhase;
			buildActionMask = 2147483647;
			files = (
				EEB3BE902B5D5F3500066736 /* LaunchScreen.storyboard in Resources */,
				EEB3BE8D2B5D5F3500066736 /* Assets.xcassets in Resources */,
				EEB3BE882B5D5F3300066736 /* Main.storyboard in Resources */,
			);
			runOnlyForDeploymentPostprocessing = 0;
		};
/* End PBXResourcesBuildPhase section */

/* Begin PBXSourcesBuildPhase section */
		EEB3BE792B5D5F3300066736 /* Sources */ = {
			isa = PBXSourcesBuildPhase;
			buildActionMask = 2147483647;
			files = (
				EEB3BE8B2B5D5F3300066736 /* OX_Game.xcdatamodeld in Sources */,
				EEB3BE852B5D5F3300066736 /* ViewController.swift in Sources */,
				EEB3BE812B5D5F3300066736 /* AppDelegate.swift in Sources */,
				EEB3BE832B5D5F3300066736 /* SceneDelegate.swift in Sources */,
			);
			runOnlyForDeploymentPostprocessing = 0;
		};
/* End PBXSourcesBuildPhase section */

/* Begin PBXVariantGroup section */
		EEB3BE862B5D5F3300066736 /* Main.storyboard */ = {
			isa = PBXVariantGroup;
			children = (
				EEB3BE872B5D5F3300066736 /* Base */,
			);
			name = Main.storyboard;
			sourceTree = "<group>";
		};
		EEB3BE8E2B5D5F3500066736 /* LaunchScreen.storyboard */ = {
			isa = PBXVariantGroup;
			children = (
				EEB3BE8F2B5D5F3500066736 /* Base */,
			);
			name = LaunchScreen.storyboard;
			sourceTree = "<group>";
		};
/* End PBXVariantGroup section */

/* Begin XCBuildConfiguration section */
		EEB3BE922B5D5F3500066736 /* Debug */ = {
			isa = XCBuildConfiguration;
			buildSettings = {
				ALWAYS_SEARCH_USER_PATHS = NO;
				ASSETCATALOG_COMPILER_GENERATE_SWIFT_ASSET_SYMBOL_EXTENSIONS = YES;
				CLANG_ANALYZER_NONNULL = YES;
				CLANG_ANALYZER_NUMBER_OBJECT_CONVERSION = YES_AGGRESSIVE;
				CLANG_CXX_LANGUAGE_STANDARD = "gnu++20";
				CLANG_ENABLE_MODULES = YES;
				CLANG_ENABLE_OBJC_ARC = YES;
				CLANG_ENABLE_OBJC_WEAK = YES;
				CLANG_WARN_BLOCK_CAPTURE_AUTORELEASING = YES;
				CLANG_WARN_BOOL_CONVERSION = YES;
				CLANG_WARN_COMMA = YES;
				CLANG_WARN_CONSTANT_CONVERSION = YES;
				CLANG_WARN_DEPRECATED_OBJC_IMPLEMENTATIONS = YES;
				CLANG_WARN_DIRECT_OBJC_ISA_USAGE = YES_ERROR;
				CLANG_WARN_DOCUMENTATION_COMMENTS = YES;
				CLANG_WARN_EMPTY_BODY = YES;
				CLANG_WARN_ENUM_CONVERSION = YES;
				CLANG_WARN_INFINITE_RECURSION = YES;
				CLANG_WARN_INT_CONVERSION = YES;
				CLANG_WARN_NON_LITERAL_NULL_CONVERSION = YES;
				CLANG_WARN_OBJC_IMPLICIT_RETAIN_SELF = YES;
				CLANG_WARN_OBJC_LITERAL_CONVERSION = YES;
				CLANG_WARN_OBJC_ROOT_CLASS = YES_ERROR;
				CLANG_WARN_QUOTED_INCLUDE_IN_FRAMEWORK_HEADER = YES;
				CLANG_WARN_RANGE_LOOP_ANALYSIS = YES;
				CLANG_WARN_STRICT_PROTOTYPES = YES;
				CLANG_WARN_SUSPICIOUS_MOVE = YES;
				CLANG_WARN_UNGUARDED_AVAILABILITY = YES_AGGRESSIVE;
				CLANG_WARN_UNREACHABLE_CODE = YES;
				CLANG_WARN__DUPLICATE_METHOD_MATCH = YES;
				COPY_PHASE_STRIP = NO;
				DEBUG_INFORMATION_FORMAT = dwarf;
				ENABLE_STRICT_OBJC_MSGSEND = YES;
				ENABLE_TESTABILITY = YES;
				ENABLE_USER_SCRIPT_SANDBOXING = YES;
				GCC_C_LANGUAGE_STANDARD = gnu17;
				GCC_DYNAMIC_NO_PIC = NO;
				GCC_NO_COMMON_BLOCKS = YES;
				GCC_OPTIMIZATION_LEVEL = 0;
				GCC_PREPROCESSOR_DEFINITIONS = (
					"DEBUG=1",
					"$(inherited)",
				);
				GCC_WARN_64_TO_32_BIT_CONVERSION = YES;
				GCC_WARN_ABOUT_RETURN_TYPE = YES_ERROR;
				GCC_WARN_UNDECLARED_SELECTOR = YES;
				GCC_WARN_UNINITIALIZED_AUTOS = YES_AGGRESSIVE;
				GCC_WARN_UNUSED_FUNCTION = YES;
				GCC_WARN_UNUSED_VARIABLE = YES;
				IPHONEOS_DEPLOYMENT_TARGET = 17.2;
				LOCALIZATION_PREFERS_STRING_CATALOGS = YES;
				MTL_ENABLE_DEBUG_INFO = INCLUDE_SOURCE;
				MTL_FAST_MATH = YES;
				ONLY_ACTIVE_ARCH = YES;
				SDKROOT = iphoneos;
				SWIFT_ACTIVE_COMPILATION_CONDITIONS = "DEBUG $(inherited)";
				SWIFT_OPTIMIZATION_LEVEL = "-Onone";
			};
			name = Debug;
		};
		EEB3BE932B5D5F3500066736 /* Release */ = {
			isa = XCBuildConfiguration;
			buildSettings = {
				ALWAYS_SEARCH_USER_PATHS = NO;
				ASSETCATALOG_COMPILER_GENERATE_SWIFT_ASSET_SYMBOL_EXTENSIONS = YES;
				CLANG_ANALYZER_NONNULL = YES;
				CLANG_ANALYZER_NUMBER_OBJECT_CONVERSION = YES_AGGRESSIVE;
				CLANG_CXX_LANGUAGE_STANDARD = "gnu++20";
				CLANG_ENABLE_MODULES = YES;
				CLANG_ENABLE_OBJC_ARC = YES;
				CLANG_ENABLE_OBJC_WEAK = YES;
				CLANG_WARN_BLOCK_CAPTURE_AUTORELEASING = YES;
				CLANG_WARN_BOOL_CONVERSION = YES;
				CLANG_WARN_COMMA = YES;
				CLANG_WARN_CONSTANT_CONVERSION = YES;
				CLANG_WARN_DEPRECATED_OBJC_IMPLEMENTATIONS = YES;
				CLANG_WARN_DIRECT_OBJC_ISA_USAGE = YES_ERROR;
				CLANG_WARN_DOCUMENTATION_COMMENTS = YES;
				CLANG_WARN_EMPTY_BODY = YES;
				CLANG_WARN_ENUM_CONVERSION = YES;
				CLANG_WARN_INFINITE_RECURSION = YES;
				CLANG_WARN_INT_CONVERSION = YES;
				CLANG_WARN_NON_LITERAL_NULL_CONVERSION = YES;
				CLANG_WARN_OBJC_IMPLICIT_RETAIN_SELF = YES;
				CLANG_WARN_OBJC_LITERAL_CONVERSION = YES;
				CLANG_WARN_OBJC_ROOT_CLASS = YES_ERROR;
				CLANG_WARN_QUOTED_INCLUDE_IN_FRAMEWORK_HEADER = YES;
				CLANG_WARN_RANGE_LOOP_ANALYSIS = YES;
				CLANG_WARN_STRICT_PROTOTYPES = YES;
				CLANG_WARN_SUSPICIOUS_MOVE = YES;
				CLANG_WARN_UNGUARDED_AVAILABILITY = YES_AGGRESSIVE;
				CLANG_WARN_UNREACHABLE_CODE = YES;
				CLANG_WARN__DUPLICATE_METHOD_MATCH = YES;
				COPY_PHASE_STRIP = NO;
				DEBUG_INFORMATION_FORMAT = "dwarf-with-dsym";
				ENABLE_NS_ASSERTIONS = NO;
				ENABLE_STRICT_OBJC_MSGSEND = YES;
				ENABLE_USER_SCRIPT_SANDBOXING = YES;
				GCC_C_LANGUAGE_STANDARD = gnu17;
				GCC_NO_COMMON_BLOCKS = YES;
				GCC_WARN_64_TO_32_BIT_CONVERSION = YES;
				GCC_WARN_ABOUT_RETURN_TYPE = YES_ERROR;
				GCC_WARN_UNDECLARED_SELECTOR = YES;
				GCC_WARN_UNINITIALIZED_AUTOS = YES_AGGRESSIVE;
				GCC_WARN_UNUSED_FUNCTION = YES;
				GCC_WARN_UNUSED_VARIABLE = YES;
				IPHONEOS_DEPLOYMENT_TARGET = 17.2;
				LOCALIZATION_PREFERS_STRING_CATALOGS = YES;
				MTL_ENABLE_DEBUG_INFO = NO;
				MTL_FAST_MATH = YES;
				SDKROOT = iphoneos;
				SWIFT_COMPILATION_MODE = wholemodule;
				VALIDATE_PRODUCT = YES;
			};
			name = Release;
		};
		EEB3BE952B5D5F3500066736 /* Debug */ = {
			isa = XCBuildConfiguration;
			buildSettings = {
				ASSETCATALOG_COMPILER_APPICON_NAME = AppIcon;
				ASSETCATALOG_COMPILER_GLOBAL_ACCENT_COLOR_NAME = AccentColor;
				CODE_SIGN_STYLE = Automatic;
				CURRENT_PROJECT_VERSION = 1;
				DEVELOPMENT_TEAM = CWJG98258B;
				GENERATE_INFOPLIST_FILE = YES;
				INFOPLIST_FILE = "OX Game/Info.plist";
				INFOPLIST_KEY_UIApplicationSupportsIndirectInputEvents = YES;
				INFOPLIST_KEY_UILaunchStoryboardName = LaunchScreen;
				INFOPLIST_KEY_UIMainStoryboardFile = Main;
				INFOPLIST_KEY_UISupportedInterfaceOrientations_iPad = "UIInterfaceOrientationPortrait UIInterfaceOrientationPortraitUpsideDown UIInterfaceOrientationLandscapeLeft UIInterfaceOrientationLandscapeRight";
				INFOPLIST_KEY_UISupportedInterfaceOrientations_iPhone = "UIInterfaceOrientationPortrait UIInterfaceOrientationLandscapeLeft UIInterfaceOrientationLandscapeRight";
				LD_RUNPATH_SEARCH_PATHS = (
					"$(inherited)",
					"@executable_path/Frameworks",
				);
				MARKETING_VERSION = 1.0;
				PRODUCT_BUNDLE_IDENTIFIER = "iDevFan.OX-Game";
				PRODUCT_NAME = "$(TARGET_NAME)";
				SWIFT_EMIT_LOC_STRINGS = YES;
				SWIFT_VERSION = 5.0;
				TARGETED_DEVICE_FAMILY = "1,2";
			};
			name = Debug;
		};
		EEB3BE962B5D5F3500066736 /* Release */ = {
			isa = XCBuildConfiguration;
			buildSettings = {
				ASSETCATALOG_COMPILER_APPICON_NAME = AppIcon;
				ASSETCATALOG_COMPILER_GLOBAL_ACCENT_COLOR_NAME = AccentColor;
				CODE_SIGN_STYLE = Automatic;
				CURRENT_PROJECT_VERSION = 1;
				DEVELOPMENT_TEAM = CWJG98258B;
				GENERATE_INFOPLIST_FILE = YES;
				INFOPLIST_FILE = "OX Game/Info.plist";
				INFOPLIST_KEY_UIApplicationSupportsIndirectInputEvents = YES;
				INFOPLIST_KEY_UILaunchStoryboardName = LaunchScreen;
				INFOPLIST_KEY_UIMainStoryboardFile = Main;
				INFOPLIST_KEY_UISupportedInterfaceOrientations_iPad = "UIInterfaceOrientationPortrait UIInterfaceOrientationPortraitUpsideDown UIInterfaceOrientationLandscapeLeft UIInterfaceOrientationLandscapeRight";
				INFOPLIST_KEY_UISupportedInterfaceOrientations_iPhone = "UIInterfaceOrientationPortrait UIInterfaceOrientationLandscapeLeft UIInterfaceOrientationLandscapeRight";
				LD_RUNPATH_SEARCH_PATHS = (
					"$(inherited)",
					"@executable_path/Frameworks",
				);
				MARKETING_VERSION = 1.0;
				PRODUCT_BUNDLE_IDENTIFIER = "iDevFan.OX-Game";
				PRODUCT_NAME = "$(TARGET_NAME)";
				SWIFT_EMIT_LOC_STRINGS = YES;
				SWIFT_VERSION = 5.0;
				TARGETED_DEVICE_FAMILY = "1,2";
			};
			name = Release;
		};
/* End XCBuildConfiguration section */

/* Begin XCConfigurationList section */
		EEB3BE782B5D5F3300066736 /* Build configuration list for PBXProject "OX Game" */ = {
			isa = XCConfigurationList;
			buildConfigurations = (
				EEB3BE922B5D5F3500066736 /* Debug */,
				EEB3BE932B5D5F3500066736 /* Release */,
			);
			defaultConfigurationIsVisible = 0;
			defaultConfigurationName = Release;
		};
		EEB3BE942B5D5F3500066736 /* Build configuration list for PBXNativeTarget "OX Game" */ = {
			isa = XCConfigurationList;
			buildConfigurations = (
				EEB3BE952B5D5F3500066736 /* Debug */,
				EEB3BE962B5D5F3500066736 /* Release */,
			);
			defaultConfigurationIsVisible = 0;
			defaultConfigurationName = Release;
		};
/* End XCConfigurationList section */

/* Begin XCVersionGroup section */
		EEB3BE892B5D5F3300066736 /* OX_Game.xcdatamodeld */ = {
			isa = XCVersionGroup;
			children = (
				EEB3BE8A2B5D5F3300066736 /* OX_Game.xcdatamodel */,
			);
			currentVersion = EEB3BE8A2B5D5F3300066736 /* OX_Game.xcdatamodel */;
			path = OX_Game.xcdatamodeld;
			sourceTree = "<group>";
			versionGroupType = wrapper.xcdatamodel;
		};
/* End XCVersionGroup section */
	};
	rootObject = EEB3BE752B5D5F3300066736 /* Project object */;
}
